
Microsoft Visual Studio Solution File, Format Version 12.00
# Visual Studio Version 16
VisualStudioVersion = 16.0.31727.386
MinimumVisualStudioVersion = 10.0.40219.1
Project("{9A19103F-16F7-4668-BE54-9A1E7A4F7556}") = "BaseAPI", "TeamGMAPI\BaseAPI.csproj", "{6A84DB44-070A-4196-9C9A-9FFC8CE59209}"
EndProject
Project("{2150E333-8FDC-42A3-9474-1A3956D46DE8}") = "Domain", "Domain", "{25E43F87-1A00-4027-8358-20FB6BD2F4BF}"
EndProject
Project("{9A19103F-16F7-4668-BE54-9A1E7A4F7556}") = "Base.DOMAIN", "DOMAIN\Base.DOMAIN.csproj", "{5ED7718C-F083-4D10-8B13-F0E003531B09}"
EndProject
Project("{2150E333-8FDC-42A3-9474-1A3956D46DE8}") = "Infra", "Infra", "{E60E6C9A-E6D6-442B-84E5-4E1A85EB74D5}"
EndProject
Project("{9A19103F-16F7-4668-BE54-9A1E7A4F7556}") = "Base.INFRA", "INFRA\Base.INFRA.csproj", "{776397FA-16AA-4FAE-84CA-32869A0F3D8D}"
EndProject
Project("{2150E333-8FDC-42A3-9474-1A3956D46DE8}") = "Data", "Data", "{4C79AF36-0181-4074-9FFF-55139F46CF17}"
EndProject
Project("{9A19103F-16F7-4668-BE54-9A1E7A4F7556}") = "Base.DATA", "DATA\Base.DATA.csproj", "{9F130E13-ADD3-4633-A989-ACFD31425C42}"
EndProject
Project("{2150E333-8FDC-42A3-9474-1A3956D46DE8}") = "Business", "Business", "{267E782E-07BA-4DE8-B088-1AD07931C8FA}"
EndProject
Project("{9A19103F-16F7-4668-BE54-9A1E7A4F7556}") = "Base.BUSINESS", "TeamGM.BUSINESS\Base.BUSINESS.csproj", "{95F7AC87-4CD7-4801-BA36-BA0A5BBC727D}"
EndProject
Project("{9A19103F-16F7-4668-BE54-9A1E7A4F7556}") = "Base.CROSSCUTTING", "TeamGM.CROSSCUTTING\Base.CROSSCUTTING.csproj", "{D821EB32-B486-4939-9B51-4687F6822E7F}"
EndProject
Global
	GlobalSection(SolutionConfigurationPlatforms) = preSolution
		Debug|Any CPU = Debug|Any CPU
		Release|Any CPU = Release|Any CPU
	EndGlobalSection
	GlobalSection(ProjectConfigurationPlatforms) = postSolution
		{6A84DB44-070A-4196-9C9A-9FFC8CE59209}.Debug|Any CPU.ActiveCfg = Debug|Any CPU
		{6A84DB44-070A-4196-9C9A-9FFC8CE59209}.Debug|Any CPU.Build.0 = Debug|Any CPU
		{6A84DB44-070A-4196-9C9A-9FFC8CE59209}.Release|Any CPU.ActiveCfg = Release|Any CPU
		{6A84DB44-070A-4196-9C9A-9FFC8CE59209}.Release|Any CPU.Build.0 = Release|Any CPU
		{5ED7718C-F083-4D10-8B13-F0E003531B09}.Debug|Any CPU.ActiveCfg = Debug|Any CPU
		{5ED7718C-F083-4D10-8B13-F0E003531B09}.Debug|Any CPU.Build.0 = Debug|Any CPU
		{5ED7718C-F083-4D10-8B13-F0E003531B09}.Release|Any CPU.ActiveCfg = Release|Any CPU
		{5ED7718C-F083-4D10-8B13-F0E003531B09}.Release|Any CPU.Build.0 = Release|Any CPU
		{776397FA-16AA-4FAE-84CA-32869A0F3D8D}.Debug|Any CPU.ActiveCfg = Debug|Any CPU
		{776397FA-16AA-4FAE-84CA-32869A0F3D8D}.Debug|Any CPU.Build.0 = Debug|Any CPU
		{776397FA-16AA-4FAE-84CA-32869A0F3D8D}.Release|Any CPU.ActiveCfg = Release|Any CPU
		{776397FA-16AA-4FAE-84CA-32869A0F3D8D}.Release|Any CPU.Build.0 = Release|Any CPU
		{9F130E13-ADD3-4633-A989-ACFD31425C42}.Debug|Any CPU.ActiveCfg = Debug|Any CPU
		{9F130E13-ADD3-4633-A989-ACFD31425C42}.Debug|Any CPU.Build.0 = Debug|Any CPU
		{9F130E13-ADD3-4633-A989-ACFD31425C42}.Release|Any CPU.ActiveCfg = Release|Any CPU
		{9F130E13-ADD3-4633-A989-ACFD31425C42}.Release|Any CPU.Build.0 = Release|Any CPU
		{95F7AC87-4CD7-4801-BA36-BA0A5BBC727D}.Debug|Any CPU.ActiveCfg = Debug|Any CPU
		{95F7AC87-4CD7-4801-BA36-BA0A5BBC727D}.Debug|Any CPU.Build.0 = Debug|Any CPU
		{95F7AC87-4CD7-4801-BA36-BA0A5BBC727D}.Release|Any CPU.ActiveCfg = Release|Any CPU
		{95F7AC87-4CD7-4801-BA36-BA0A5BBC727D}.Release|Any CPU.Build.0 = Release|Any CPU
		{D821EB32-B486-4939-9B51-4687F6822E7F}.Debug|Any CPU.ActiveCfg = Debug|Any CPU
		{D821EB32-B486-4939-9B51-4687F6822E7F}.Debug|Any CPU.Build.0 = Debug|Any CPU
		{D821EB32-B486-4939-9B51-4687F6822E7F}.Release|Any CPU.ActiveCfg = Release|Any CPU
		{D821EB32-B486-4939-9B51-4687F6822E7F}.Release|Any CPU.Build.0 = Release|Any CPU
	EndGlobalSection
	GlobalSection(SolutionProperties) = preSolution
		HideSolutionNode = FALSE
	EndGlobalSection
	GlobalSection(NestedProjects) = preSolution
		{5ED7718C-F083-4D10-8B13-F0E003531B09} = {25E43F87-1A00-4027-8358-20FB6BD2F4BF}
		{776397FA-16AA-4FAE-84CA-32869A0F3D8D} = {E60E6C9A-E6D6-442B-84E5-4E1A85EB74D5}
		{9F130E13-ADD3-4633-A989-ACFD31425C42} = {4C79AF36-0181-4074-9FFF-55139F46CF17}
		{95F7AC87-4CD7-4801-BA36-BA0A5BBC727D} = {267E782E-07BA-4DE8-B088-1AD07931C8FA}
		{D821EB32-B486-4939-9B51-4687F6822E7F} = {E60E6C9A-E6D6-442B-84E5-4E1A85EB74D5}
	EndGlobalSection
	GlobalSection(ExtensibilityGlobals) = postSolution
		SolutionGuid = {4A729686-F4EC-4277-9A8F-ED18EC24E389}
	EndGlobalSection
EndGlobal
